
Microsoft Visual Studio Solution File, Format Version 12.00
# Visual Studio 15
VisualStudioVersion = 15.0.28307.852
MinimumVisualStudioVersion = 10.0.40219.1
Project("{8BC9CEB8-8B4A-11D0-8D11-00A0C91BC942}") = "opencv-svm", "opencv-svm\opencv-svm.vcxproj", "{87C2D2C7-07BB-426B-8035-7EB9C72901B6}"
EndProject
Project("{8BC9CEB8-8B4A-11D0-8D11-00A0C91BC942}") = "opencv-svmtrain", "opencv-svmtrain\opencv-svmtrain.vcxproj", "{A8D1AC94-C9BB-4789-B6BB-A308BCA14527}"
EndProject
Global
	GlobalSection(SolutionConfigurationPlatforms) = preSolution
		Debug|x64 = Debug|x64
		Debug|x86 = Debug|x86
		Release|x64 = Release|x64
		Release|x86 = Release|x86
	EndGlobalSection
	GlobalSection(ProjectConfigurationPlatforms) = postSolution
		{87C2D2C7-07BB-426B-8035-7EB9C72901B6}.Debug|x64.ActiveCfg = Debug|x64
		{87C2D2C7-07BB-426B-8035-7EB9C72901B6}.Debug|x64.Build.0 = Debug|x64
		{87C2D2C7-07BB-426B-8035-7EB9C72901B6}.Debug|x86.ActiveCfg = Debug|Win32
		{87C2D2C7-07BB-426B-8035-7EB9C72901B6}.Debug|x86.Build.0 = Debug|Win32
		{87C2D2C7-07BB-426B-8035-7EB9C72901B6}.Release|x64.ActiveCfg = Release|x64
		{87C2D2C7-07BB-426B-8035-7EB9C72901B6}.Release|x64.Build.0 = Release|x64
		{87C2D2C7-07BB-426B-8035-7EB9C72901B6}.Release|x86.ActiveCfg = Release|Win32
		{87C2D2C7-07BB-426B-8035-7EB9C72901B6}.Release|x86.Build.0 = Release|Win32
		{A8D1AC94-C9BB-4789-B6BB-A308BCA14527}.Debug|x64.ActiveCfg = Debug|x64
		{A8D1AC94-C9BB-4789-B6BB-A308BCA14527}.Debug|x64.Build.0 = Debug|x64
		{A8D1AC94-C9BB-4789-B6BB-A308BCA14527}.Debug|x86.ActiveCfg = Debug|Win32
		{A8D1AC94-C9BB-4789-B6BB-A308BCA14527}.Debug|x86.Build.0 = Debug|Win32
		{A8D1AC94-C9BB-4789-B6BB-A308BCA14527}.Release|x64.ActiveCfg = Release|x64
		{A8D1AC94-C9BB-4789-B6BB-A308BCA14527}.Release|x64.Build.0 = Release|x64
		{A8D1AC94-C9BB-4789-B6BB-A308BCA14527}.Release|x86.ActiveCfg = Release|Win32
		{A8D1AC94-C9BB-4789-B6BB-A308BCA14527}.Release|x86.Build.0 = Release|Win32
	EndGlobalSection
	GlobalSection(SolutionProperties) = preSolution
		HideSolutionNode = FALSE
	EndGlobalSection
	GlobalSection(ExtensibilityGlobals) = postSolution
		SolutionGuid = {AC555A45-F976-4B12-9FEF-DF59B74A6EF8}
	EndGlobalSection
EndGlobal
